
Microsoft Visual Studio Solution File, Format Version 12.00
# Visual Studio Version 17
VisualStudioVersion = 17.14.36109.1 d17.14
MinimumVisualStudioVersion = 10.0.40219.1
Project("{FAE04EC0-301F-11D3-BF4B-00C04F79EFBC}") = "ConfigurationExample", "ConfigurationExample\ConfigurationExample.csproj", "{0A683B67-CFA3-44ED-B344-08B478E4EB5F}"
EndProject
Global
	GlobalSection(SolutionConfigurationPlatforms) = preSolution
		Debug|Any CPU = Debug|Any CPU
		Release|Any CPU = Release|Any CPU
	EndGlobalSection
	GlobalSection(ProjectConfigurationPlatforms) = postSolution
		{0A683B67-CFA3-44ED-B344-08B478E4EB5F}.Debug|Any CPU.ActiveCfg = Debug|Any CPU
		{0A683B67-CFA3-44ED-B344-08B478E4EB5F}.Debug|Any CPU.Build.0 = Debug|Any CPU
		{0A683B67-CFA3-44ED-B344-08B478E4EB5F}.Release|Any CPU.ActiveCfg = Release|Any CPU
		{0A683B67-CFA3-44ED-B344-08B478E4EB5F}.Release|Any CPU.Build.0 = Release|Any CPU
	EndGlobalSection
	GlobalSection(SolutionProperties) = preSolution
		HideSolutionNode = FALSE
	EndGlobalSection
	GlobalSection(ExtensibilityGlobals) = postSolution
		SolutionGuid = {13B5DC82-2EFE-4A10-A274-A1AC783DBA5D}
	EndGlobalSection
EndGlobal
